{
  "version": 2,
  "dependencies": {
    "net10.0": {
      "Microsoft.AspNetCore.OpenApi": {
        "type": "Direct",
        "requested": "[10.0.12, )",
        "resolved": "10.0.12",
        "contentHash": "7RnQ/UKn+kK3JDLmTpW+vVqNErWthGPAVAy1aIiBzv4ucQ6g9NFvOJUuT0PHcpvcJxGVxctMxj6t+NESWMrgHQ==",
        "dependencies": {
          "Microsoft.OpenApi": "[2.12.0, 3.0.0)"
        }
      },
      "Microsoft.DotNet.ILCompiler": {
        "type": "Direct",
        "requested": "[10.0.10, )",
        "resolved": "10.0.10",
        "contentHash": "tnG8ntt/Bk6odvHREnGLMo3PEiihy5iSlIFVp0JbIo00GKtNRt2k73eKZbPqR5yaJNIa3z8R86YLwbxfqpb17g=="
      },
      "Microsoft.NET.ILLink.Tasks": {
        "type": "Direct",
        "requested": "[10.0.10, )",
        "resolved": "10.0.10",
        "contentHash": "f5VCIE7AJpd5YvzNTeMGVzQIgyE9tX+AreTYwQF+REbu+DZo/2Ae+jNSwhPEYrVz6RRkd7y8ubXjk6Nn6Ka+Cg=="
      },
      "Nerdbank.GitVersioning": {
        "type": "Direct",
        "requested": "[3.10.94, )",
        "resolved": "3.10.94",
        "contentHash": "sn6gFIx6bwFj3Me0XGmek3gLZi/MZC8C4tRLwslXGeBcXcVxvFpZyDrQA93G8TiYgxTS7J7triKB7hj5wXzSxA=="
      },
      "Scalar.AspNetCore": {
        "type": "Direct",
        "requested": "[2.17.6, )",
        "resolved": "2.17.6",
        "contentHash": "Qho7zxnjr5620jueYl40XlPNDJdn871MPe352AfYE2zvUkneMjOR5U9Cj+4f1Na7ODSSp5DUL0WM3MTdoKOazA=="
      },
      "Microsoft.Bcl.Cryptography": {
        "type": "Transitive",
        "resolved": "10.0.2",
        "contentHash": "LG9Yll3B5aNpxv0+D47g6LiOiKBIlodhcHdQwcYzo8VeexFLGqx5ymetmA2aBRyo9cCcWsQWrFsdbsr8LvmWDw=="
      },
      "Microsoft.EntityFrameworkCore.Analyzers": {
        "type": "Transitive",
        "resolved": "10.0.12",
        "contentHash": "Kd4o2oO1A6dfKxjz5LS16QyLtpCFTUiFWwmBABETAXRsSImBdRdWeKjSgbbRhAMiV3a3/nWr95ZtzClT4uaADQ=="
      },
      "Microsoft.IdentityModel.Abstractions": {
        "type": "Transitive",
        "resolved": "8.23.0",
        "contentHash": "JjiBkKj12OKvuWr+kB5sQwb7fmWW5bi03Mq/rd2Fu/7YwZ1RWQO9KhI9lBxki4o1VvY0wzqny8c7nwx1uuZzVg=="
      },
      "Microsoft.IdentityModel.Logging": {
        "type": "Transitive",
        "resolved": "8.23.0",
        "contentHash": "wSXXOoV4b4hhRcC492jyNBZkO0LWrcWtWP5Cl5ujrON3vTMlufXDT39gTZfBhFAZCV2XJtNU6DLHMDR6E9YpUg==",
        "dependencies": {
          "Microsoft.IdentityModel.Abstractions": "8.23.0"
        }
      },
      "OpenTelemetry": {
        "type": "Transitive",
        "resolved": "1.19.0",
        "contentHash": "tH3Y3ABOCcUXbnz/jntnfEXcSxEy+GzS2niNqwJPIcNdAYUpP09QHLaAwcJExeS+ibfmlcSkmIfWlKhe7yVjIA==",
        "dependencies": {
          "OpenTelemetry.Api.ProviderBuilderExtensions": "1.19.0"
        }
      },
      "OpenTelemetry.Api": {
        "type": "Transitive",
        "resolved": "1.19.0",
        "contentHash": "ZupI0cvo9Jyk2IwLLMrXQm3PvX67tCBIiFws5fslm2Xw7gYctq5wZiGPS+mKmMususAAE9+jyv5Jp7ADxdZDJw=="
      },
      "OpenTelemetry.Api.ProviderBuilderExtensions": {
        "type": "Transitive",
        "resolved": "1.19.0",
        "contentHash": "V+nYo7IIqH7cXagkERfGZUNstdoZQkplpn+hZMkLBlJ0ZJNQBvTMv2Cvjq8eqqxkB9lmBw+CUH78hWxJB1Vdcg==",
        "dependencies": {
          "OpenTelemetry.Api": "1.19.0"
        }
      },
      "Parlot": {
        "type": "Transitive",
        "resolved": "1.5.2",
        "contentHash": "idEOR6WU8WvnaDhFcj9PkWv8r/Actca8KfV9kw94//QEC0iQJVB9w/Z4ZLY8LxwSVMuNPuuLB649kCcVb+HrLw=="
      },
      "RESPite": {
        "type": "Transitive",
        "resolved": "3.3.0",
        "contentHash": "pzHmX5/ffYxDs0liGPwbAQ9c9xRmbhtJ6XnZOpktHAs9x7MTqQByEXiySXzT3xPZ/l8U95OfVUYvm/BOBK6f6w=="
      },
      "System.IO.Hashing": {
        "type": "Transitive",
        "resolved": "10.0.12",
        "contentHash": "jDix4bBMYnpZdSPcnY+KDV6ik3SRMzpMKby/bZl/XUwIiflwRNAFZ0oOl61R/pSaveIJ8t1gs2BUlrGsPs/bcg=="
      },
      "TimeZoneConverter": {
        "type": "Transitive",
        "resolved": "7.2.0",
        "contentHash": "4Poqu79dTmacVETqUJ53g3x4U21V/cmWPSlehdsVE4Q00akavvlRq+SRjcg/CmfO9ibOCjRl6TeUV7hkC5RC4w=="
      },
      "NikaNats.Sentinel.Application": {
        "type": "Project",
        "dependencies": {
          "NikaNats.Sentinel.Domain": "[1.0.0, )",
          "NikaNats.Sentinel.Rar": "[1.0.0, )",
          "NikaNats.Sentinel.SSF": "[1.0.0, )",
          "NikaNats.Sentinel.Security.Abstractions": "[1.0.0, )"
        }
      },
      "NikaNats.Sentinel.AspNetCore": {
        "type": "Project",
        "dependencies": {
          "NikaNats.Sentinel.Application": "[1.0.0, )",
          "NikaNats.Sentinel.DPoP": "[1.0.0, )",
          "NikaNats.Sentinel.Infrastructure": "[1.0.0, )",
          "NikaNats.Sentinel.Keycloak": "[1.0.0, )",
          "NikaNats.Sentinel.Redis": "[1.0.0, )",
          "NikaNats.Sentinel.Security.Abstractions": "[1.0.0, )",
          "NikaNats.Sentinel.Security.Diagnostics": "[1.0.0, )"
        }
      },
      "NikaNats.Sentinel.Domain": {
        "type": "Project"
      },
      "NikaNats.Sentinel.DPoP": {
        "type": "Project",
        "dependencies": {
          "Microsoft.IdentityModel.JsonWebTokens": "[8.23.0, )",
          "NikaNats.Sentinel.Security.Abstractions": "[1.0.0, )"
        }
      },
      "NikaNats.Sentinel.Infrastructure": {
        "type": "Project",
        "dependencies": {
          "Fluid.Core": "[2.40.0, )",
          "Microsoft.AspNetCore.Authentication.Certificate": "[10.0.12, )",
          "Microsoft.AspNetCore.Authentication.JwtBearer": "[10.0.12, )",
          "Microsoft.EntityFrameworkCore": "[10.0.12, )",
          "Microsoft.IdentityModel.JsonWebTokens": "[8.23.0, )",
          "NikaNats.Sentinel.Application": "[1.0.0, )",
          "NikaNats.Sentinel.DPoP": "[1.0.0, )",
          "NikaNats.Sentinel.Domain": "[1.0.0, )",
          "NikaNats.Sentinel.Keycloak": "[1.0.0, )",
          "NikaNats.Sentinel.Providers.Vault": "[1.0.0, )",
          "NikaNats.Sentinel.Security.Abstractions": "[1.0.0, )",
          "NikaNats.Sentinel.Security.Diagnostics": "[1.0.0, )",
          "Npgsql.EntityFrameworkCore.PostgreSQL": "[10.0.3, )"
        }
      },
      "NikaNats.Sentinel.Keycloak": {
        "type": "Project",
        "dependencies": {
          "Microsoft.IdentityModel.JsonWebTokens": "[8.23.0, )",
          "Microsoft.IdentityModel.Protocols": "[8.23.0, )",
          "Microsoft.IdentityModel.Protocols.OpenIdConnect": "[8.23.0, )",
          "NikaNats.Sentinel.Application": "[1.0.0, )",
          "NikaNats.Sentinel.Domain": "[1.0.0, )",
          "NikaNats.Sentinel.Security.Abstractions": "[1.0.0, )",
          "NikaNats.Sentinel.Security.Diagnostics": "[1.0.0, )",
          "System.IdentityModel.Tokens.Jwt": "[8.23.0, )"
        }
      },
      "NikaNats.Sentinel.Providers.Vault": {
        "type": "Project",
        "dependencies": {
          "NikaNats.Sentinel.Security.Abstractions": "[1.0.0, )"
        }
      },
      "NikaNats.Sentinel.Rar": {
        "type": "Project",
        "dependencies": {
          "NikaNats.Sentinel.Domain": "[1.0.0, )",
          "NikaNats.Sentinel.Security.Abstractions": "[1.0.0, )"
        }
      },
      "NikaNats.Sentinel.Redis": {
        "type": "Project",
        "dependencies": {
          "NikaNats.Sentinel.Security.Abstractions": "[1.0.0, )",
          "NikaNats.Sentinel.Security.Diagnostics": "[1.0.0, )",
          "StackExchange.Redis": "[3.3.0, )"
        }
      },
      "NikaNats.Sentinel.SdJwt": {
        "type": "Project",
        "dependencies": {
          "Microsoft.IdentityModel.JsonWebTokens": "[8.23.0, )",
          "NikaNats.Sentinel.Security.Abstractions": "[1.0.0, )"
        }
      },
      "NikaNats.Sentinel.Security.Abstractions": {
        "type": "Project",
        "dependencies": {
          "Microsoft.IdentityModel.Tokens": "[8.23.0, )",
          "System.ComponentModel.Annotations": "[5.0.0, )"
        }
      },
      "NikaNats.Sentinel.Security.Diagnostics": {
        "type": "Project",
        "dependencies": {
          "NikaNats.Sentinel.Security.Abstractions": "[1.0.0, )",
          "OpenTelemetry.Exporter.OpenTelemetryProtocol": "[1.19.0, )",
          "OpenTelemetry.Exporter.Prometheus.AspNetCore": "[1.13.1-beta.1, )",
          "OpenTelemetry.Extensions.Hosting": "[1.19.0, )",
          "OpenTelemetry.Instrumentation.AspNetCore": "[1.19.0, )"
        }
      },
      "NikaNats.Sentinel.SSF": {
        "type": "Project",
        "dependencies": {
          "NikaNats.Sentinel.Security.Abstractions": "[1.0.0, )"
        }
      },
      "Fluid.Core": {
        "type": "CentralTransitive",
        "requested": "[2.40.0, )",
        "resolved": "2.40.0",
        "contentHash": "bBI5NejSVAU4Ug1eSodIZXUfjtOWpSUC5pXxMW1jfdKZn3LgLZuVtBDpidl7odaVQL4oGE9nili+JFfs5q6BYQ==",
        "dependencies": {
          "Parlot": "1.5.2",
          "TimeZoneConverter": "7.2.0"
        }
      },
      "Microsoft.AspNetCore.Authentication.Certificate": {
        "type": "CentralTransitive",
        "requested": "[10.0.12, )",
        "resolved": "10.0.12",
        "contentHash": "hTZV338+Dacp087iF7abLekc7+6iLPt5IxCpI86em58WV7nZs1TuzWHMsie7ar91cbS8SyuAh6aAh3YKuhjm4g=="
      },
      "Microsoft.AspNetCore.Authentication.JwtBearer": {
        "type": "CentralTransitive",
        "requested": "[10.0.12, )",
        "resolved": "10.0.12",
        "contentHash": "DeE+Bq2OqB3FikFkZk+7gFBeLOQhkSolejLrbi+a9zpfvXtW1Ff6Nd6DIvHXIm+pc4aM4+52vDy3jnuau0qoUQ==",
        "dependencies": {
          "Microsoft.IdentityModel.Protocols.OpenIdConnect": "8.19.2"
        }
      },
      "Microsoft.EntityFrameworkCore": {
        "type": "CentralTransitive",
        "requested": "[10.0.12, )",
        "resolved": "10.0.12",
        "contentHash": "e7OrVN8U5yr4kuwdTHWBHGVQIVsGfMkAr0Ej1/BnrS989Q0XBVANpIzNZ2bc1GvMZ0/XwMt5InTnmKskxGy99Q==",
        "dependencies": {
          "Microsoft.EntityFrameworkCore.Abstractions": "10.0.12",
          "Microsoft.EntityFrameworkCore.Analyzers": "10.0.12"
        }
      },
      "Microsoft.EntityFrameworkCore.Abstractions": {
        "type": "CentralTransitive",
        "requested": "[10.0.12, )",
        "resolved": "10.0.12",
        "contentHash": "kDrux7T6C3V/YYYe2LXr7x6AEsVyq5Y2YoTE9er1SwbDtap3z1g8RgxNh5eKQVyB4T+DKvBBJ4Ezd/VZzJQJZg=="
      },
      "Microsoft.EntityFrameworkCore.Relational": {
        "type": "CentralTransitive",
        "requested": "[10.0.12, )",
        "resolved": "10.0.12",
        "contentHash": "OiHmr8XzX96dbgMsYGe8qoqg4KxibdZG2r0QUVJBGktFInOp8IrABe8jvcbo5hrqeWfbwpK7fCEBiEPbY/ik4A==",
        "dependencies": {
          "Microsoft.EntityFrameworkCore": "10.0.12"
        }
      },
      "Microsoft.IdentityModel.JsonWebTokens": {
        "type": "CentralTransitive",
        "requested": "[8.23.0, )",
        "resolved": "8.23.0",
        "contentHash": "ePEm+mv5iswzckE3mygh52uFUeQpVlHa1B10nS4jpEyNV5tL1mLgRS9U5sMaRlhsPRsZ1DJP0+FhxSrOIfMGIg==",
        "dependencies": {
          "Microsoft.IdentityModel.Tokens": "8.23.0"
        }
      },
      "Microsoft.IdentityModel.Protocols": {
        "type": "CentralTransitive",
        "requested": "[8.23.0, )",
        "resolved": "8.23.0",
        "contentHash": "wQxyMdH/9Q25/kF7B56YgyqEaUBXJEQ5IY0TEKNH3oAPewNxVOl0ENuaKu0sazR0kw4owQDDSF+AvWcEFEvo2g==",
        "dependencies": {
          "Microsoft.IdentityModel.Tokens": "8.23.0"
        }
      },
      "Microsoft.IdentityModel.Protocols.OpenIdConnect": {
        "type": "CentralTransitive",
        "requested": "[8.23.0, )",
        "resolved": "8.23.0",
        "contentHash": "QvvFeTznlWHZ7w3aE4cJ+Ln2BnKzKleVG+H7ywiNcQtGUWmo2XS3LJDizpTyv9N0b8FDWYOnvWAxNynaJapwMQ==",
        "dependencies": {
          "Microsoft.IdentityModel.Protocols": "8.23.0",
          "System.IdentityModel.Tokens.Jwt": "8.23.0"
        }
      },
      "Microsoft.IdentityModel.Tokens": {
        "type": "CentralTransitive",
        "requested": "[8.23.0, )",
        "resolved": "8.23.0",
        "contentHash": "PUowLq8gqICt+oepHWmKBOJmnVmWoQ5dOVn2CgwFMBZZOAEMHgCQLWs8ONYdsjAyjhDHaFy+AAx0OMG/oV06Zw==",
        "dependencies": {
          "Microsoft.Bcl.Cryptography": "10.0.2",
          "Microsoft.IdentityModel.Logging": "8.23.0"
        }
      },
      "Microsoft.OpenApi": {
        "type": "CentralTransitive",
        "requested": "[2.12.2, )",
        "resolved": "2.12.2",
        "contentHash": "ZkT7qiJe0Kj0+DTZOZo+xrDy1kNmdsWFQVPIQLNx9ZJ0T9cB2LG7r+Bi60so8/+yg1nkS7QCPadrzsTG4VPKrA=="
      },
      "Npgsql": {
        "type": "CentralTransitive",
        "requested": "[10.0.3, )",
        "resolved": "10.0.3",
        "contentHash": "7nb5YzXuvWWJxB0J8DiyL3we+X4FOctZrt0fIBnucOIaIevFEEwGQVZKtiu9olXdlNAK1eNgqSral6r/jlhI4w=="
      },
      "Npgsql.EntityFrameworkCore.PostgreSQL": {
        "type": "CentralTransitive",
        "requested": "[10.0.3, )",
        "resolved": "10.0.3",
        "contentHash": "IPGrrZnRkuW7OlHDhUESZz4G5DLkW7Nej/O3Cx+0iTsgyU5XJxBgpsvTHLloo3WWuAKKbDHXBvWPVkX1deRh1Q==",
        "dependencies": {
          "Microsoft.EntityFrameworkCore": "[10.0.4, 11.0.0)",
          "Microsoft.EntityFrameworkCore.Relational": "[10.0.4, 11.0.0)",
          "Npgsql": "10.0.3"
        }
      },
      "OpenTelemetry.Exporter.OpenTelemetryProtocol": {
        "type": "CentralTransitive",
        "requested": "[1.19.0, )",
        "resolved": "1.19.0",
        "contentHash": "x1QtTiMXvM4POUv92FX0S3KPLCwaFpZ76NwNsd4Os7jWDT+oESkfDSdP7JisoTdMP3x+s4xjXlc7eXEuU5SBMw==",
        "dependencies": {
          "OpenTelemetry": "1.19.0"
        }
      },
      "OpenTelemetry.Exporter.Prometheus.AspNetCore": {
        "type": "CentralTransitive",
        "requested": "[1.13.1-beta.1, )",
        "resolved": "1.13.1-beta.1",
        "contentHash": "Z7EJ410kLvY+BjV/8RgK30QHdKPmNOR8KtAkPmdrAFZuMylKCmTJqVOYyv8EyB4m4kDTN7sRzDlKQ6V4Mh+6dg==",
        "dependencies": {
          "OpenTelemetry": "[1.13.1, 2.0.0)"
        }
      },
      "OpenTelemetry.Extensions.Hosting": {
        "type": "CentralTransitive",
        "requested": "[1.19.0, )",
        "resolved": "1.19.0",
        "contentHash": "XmjQIPG36zgkpc2nYkveQvmVe7zqffmXG+/7rGlE67Be59clUlPyJA8NKMi1XeZheoNkQG6SZcZ5NykzGRHrdA==",
        "dependencies": {
          "OpenTelemetry": "1.19.0"
        }
      },
      "OpenTelemetry.Instrumentation.AspNetCore": {
        "type": "CentralTransitive",
        "requested": "[1.19.0, )",
        "resolved": "1.19.0",
        "contentHash": "reypo7g0Nzyssg1EkbfWU6W58CVFgtgkSEGrFXtbpA+bNit7HUs7587DOkOdPCgqWr3IL4f6X9B2yhnU6POrFA==",
        "dependencies": {
          "OpenTelemetry.Api.ProviderBuilderExtensions": "[1.19.0, 2.0.0)"
        }
      },
      "StackExchange.Redis": {
        "type": "CentralTransitive",
        "requested": "[3.3.0, )",
        "resolved": "3.3.0",
        "contentHash": "vSB6W7F85IJ9gYAHPcRsQYLGODptvm8kmp1z2XwmKHYWifHiGGDQHzYkNNUKk3bzODOoOM2fuy7nUeNp1MHIKA==",
        "dependencies": {
          "RESPite": "3.3.0",
          "System.IO.Hashing": "10.0.12"
        }
      },
      "System.ComponentModel.Annotations": {
        "type": "CentralTransitive",
        "requested": "[5.0.0, )",
        "resolved": "5.0.0",
        "contentHash": "dMkqfy2el8A8/I76n2Hi1oBFEbG1SfxD2l5nhwXV3XjlnOmwxJlQbYpJH4W51odnU9sARCSAgv7S3CyAFMkpYg=="
      },
      "System.IdentityModel.Tokens.Jwt": {
        "type": "CentralTransitive",
        "requested": "[8.23.0, )",
        "resolved": "8.23.0",
        "contentHash": "mUuRjk0KKvF3dlF7CKcnjHn/4TFaWRDGjDRtn1rACitoIflv96apfLD9KPDisyCEuc/0ierocnHCvIXBvCL4Sw==",
        "dependencies": {
          "Microsoft.IdentityModel.JsonWebTokens": "8.23.0",
          "Microsoft.IdentityModel.Tokens": "8.23.0"
        }
      }
    },
    "net10.0/linux-x64": {
      "Microsoft.DotNet.ILCompiler": {
        "type": "Direct",
        "requested": "[10.0.10, )",
        "resolved": "10.0.10",
        "contentHash": "tnG8ntt/Bk6odvHREnGLMo3PEiihy5iSlIFVp0JbIo00GKtNRt2k73eKZbPqR5yaJNIa3z8R86YLwbxfqpb17g==",
        "dependencies": {
          "runtime.linux-x64.Microsoft.DotNet.ILCompiler": "10.0.10"
        }
      },
      "runtime.linux-x64.Microsoft.DotNet.ILCompiler": {
        "type": "Transitive",
        "resolved": "10.0.10",
        "contentHash": "WRjSRBfv6A6UjgjO8EQuLe9xqdICpkQx1hACUziCw4B2uGL+2jVhkFLq/G7rxRr3MGvqLo9B+nNdfIJ/5CYN7A=="
      }
    },
    "net10.0/win-x64": {
      "Microsoft.DotNet.ILCompiler": {
        "type": "Direct",
        "requested": "[10.0.10, )",
        "resolved": "10.0.10",
        "contentHash": "tnG8ntt/Bk6odvHREnGLMo3PEiihy5iSlIFVp0JbIo00GKtNRt2k73eKZbPqR5yaJNIa3z8R86YLwbxfqpb17g==",
        "dependencies": {
          "runtime.win-x64.Microsoft.DotNet.ILCompiler": "10.0.10"
        }
      },
      "runtime.win-x64.Microsoft.DotNet.ILCompiler": {
        "type": "Transitive",
        "resolved": "10.0.10",
        "contentHash": "e5P00ObvdmAl49KkvGvqDLE5+EXu/IdXCDsLghgKFXKrNybyxMmH12HuGrsO7LTIGjXI58tyN3Hwxwr/MR0d8A=="
      }
    }
  }
}